schema: '2.0'
stages:
  experiment_marginal:
    cmd: uv run python scripts/tmaze_experiment.py --inference-mode marginal 
      --output-dir data/marginal --show-plan-arrows
    deps:
    - path: scripts/tmaze_experiment.py
      hash: md5
      md5: 943970b0419fafa92ea2fca6efb58172
      size: 15839
    - path: src/environments/tmaze.py
      hash: md5
      md5: 670be81fdc8cd2ebe49ae5263ef479d3
      size: 9919
    - path: src/objectives/full_joint_vfe.py
      hash: md5
      md5: e507ece45c6ec92eda6f24f11112b797
      size: 13208
    - path: src/planning/full_joint_optimizer.py
      hash: md5
      md5: 7ce9692ad29fc001cfaa571ad7124b6b
      size: 4364
    - path: src/visualization/tmaze_viz.py
      hash: md5
      md5: 65232681aa44660b1300f4cd7af93164
      size: 27138
    params:
      params.yaml:
        experiment.learning_rate: 0.1
        experiment.max_steps: 4
        experiment.n_episodes: 1
        experiment.n_optimization_steps: 100
        experiment.planning_horizon: 4
        experiment.receding_horizon: true
        experiment.seed: 42
    outs:
    - path: data/marginal/episode.mp4
      hash: md5
      md5: 9dccd7d117d05da49fa2fc8e65e76ff4
      size: 9809
    - path: data/marginal/frames
      hash: md5
      md5: ba308a3181bc6fd7cbdef66a991b3ced.dir
      size: 9904
      nfiles: 6
    - path: data/marginal/results.json
      hash: md5
      md5: d9b916647f82e06c08b4e3f1418a7799
      size: 4964
    - path: data/marginal/stats.json
      hash: md5
      md5: 85999b1a304b93e10418dfc9b3f90384
      size: 177
  experiment_active:
    cmd: uv run python scripts/tmaze_experiment.py --inference-mode active 
      --output-dir data/active --show-plan-arrows
    deps:
    - path: scripts/tmaze_experiment.py
      hash: md5
      md5: 943970b0419fafa92ea2fca6efb58172
      size: 15839
    - path: src/environments/tmaze.py
      hash: md5
      md5: 670be81fdc8cd2ebe49ae5263ef479d3
      size: 9919
    - path: src/objectives/full_joint_vfe.py
      hash: md5
      md5: e507ece45c6ec92eda6f24f11112b797
      size: 13208
    - path: src/planning/full_joint_optimizer.py
      hash: md5
      md5: 7ce9692ad29fc001cfaa571ad7124b6b
      size: 4364
    - path: src/visualization/tmaze_viz.py
      hash: md5
      md5: 65232681aa44660b1300f4cd7af93164
      size: 27138
    params:
      params.yaml:
        experiment.learning_rate: 0.1
        experiment.max_steps: 4
        experiment.n_episodes: 1
        experiment.n_optimization_steps: 100
        experiment.planning_horizon: 4
        experiment.receding_horizon: true
        experiment.seed: 42
    outs:
    - path: data/active/episode.mp4
      hash: md5
      md5: 4751e32c26c8a8a1746cd58f7d3cc74b
      size: 11655
    - path: data/active/frames
      hash: md5
      md5: 2504ea2fc8987207ee4021da079152b9.dir
      size: 9904
      nfiles: 6
    - path: data/active/results.json
      hash: md5
      md5: a77cc86a4eaa6b2295cf2606dd4f3799
      size: 4955
    - path: data/active/stats.json
      hash: md5
      md5: ddf1d82bb1feb28e7a9108f56ee3bee8
      size: 174
  experiment_planning:
    cmd: uv run python scripts/tmaze_experiment.py --inference-mode planning 
      --output-dir data/planning --show-plan-arrows
    deps:
    - path: scripts/tmaze_experiment.py
      hash: md5
      md5: 943970b0419fafa92ea2fca6efb58172
      size: 15839
    - path: src/environments/tmaze.py
      hash: md5
      md5: 670be81fdc8cd2ebe49ae5263ef479d3
      size: 9919
    - path: src/objectives/full_joint_vfe.py
      hash: md5
      md5: e507ece45c6ec92eda6f24f11112b797
      size: 13208
    - path: src/planning/full_joint_optimizer.py
      hash: md5
      md5: 7ce9692ad29fc001cfaa571ad7124b6b
      size: 4364
    - path: src/visualization/tmaze_viz.py
      hash: md5
      md5: 65232681aa44660b1300f4cd7af93164
      size: 27138
    params:
      params.yaml:
        experiment.learning_rate: 0.1
        experiment.max_steps: 4
        experiment.n_episodes: 1
        experiment.n_optimization_steps: 100
        experiment.planning_horizon: 4
        experiment.receding_horizon: true
        experiment.seed: 42
    outs:
    - path: data/planning/episode.mp4
      hash: md5
      md5: ff2eb4449b13efd2f22db0e860aa0402
      size: 8730
    - path: data/planning/frames
      hash: md5
      md5: eefe3e5c8dc2139322b5e0b6025d41c4.dir
      size: 6668
      nfiles: 4
    - path: data/planning/results.json
      hash: md5
      md5: 86fd6bcbc94b1f72ec8e198bdb001087
      size: 3587
    - path: data/planning/stats.json
      hash: md5
      md5: 2307a68e7eb6d18e2de17601c70fa1d4
      size: 177
